
Microsoft Visual Studio Solution File, Format Version 12.00
# Visual Studio Version 16
VisualStudioVersion = 16.0.29009.5
MinimumVisualStudioVersion = 10.0.40219.1
Project("{FAE04EC0-301F-11D3-BF4B-00C04F79EFBC}") = "inClassExamples", "inClassExamples\inClassExamples.csproj", "{6A79BF1D-4FFE-4E23-8A14-BC2B737730F8}"
EndProject
Global
	GlobalSection(SolutionConfigurationPlatforms) = preSolution
		Debug|Any CPU = Debug|Any CPU
		Release|Any CPU = Release|Any CPU
	EndGlobalSection
	GlobalSection(ProjectConfigurationPlatforms) = postSolution
		{6A79BF1D-4FFE-4E23-8A14-BC2B737730F8}.Debug|Any CPU.ActiveCfg = Debug|Any CPU
		{6A79BF1D-4FFE-4E23-8A14-BC2B737730F8}.Debug|Any CPU.Build.0 = Debug|Any CPU
		{6A79BF1D-4FFE-4E23-8A14-BC2B737730F8}.Release|Any CPU.ActiveCfg = Release|Any CPU
		{6A79BF1D-4FFE-4E23-8A14-BC2B737730F8}.Release|Any CPU.Build.0 = Release|Any CPU
	EndGlobalSection
	GlobalSection(SolutionProperties) = preSolution
		HideSolutionNode = FALSE
	EndGlobalSection
	GlobalSection(ExtensibilityGlobals) = postSolution
		SolutionGuid = {08D06B14-F388-41D2-ADF3-81F60BC8A43B}
	EndGlobalSection
EndGlobal
